
Microsoft Visual Studio Solution File, Format Version 12.00
# Visual Studio Version 17
VisualStudioVersion = 17.4.33213.308
MinimumVisualStudioVersion = 10.0.40219.1
Project("{FAE04EC0-301F-11D3-BF4B-00C04F79EFBC}") = "PracticeCodeWares", "PracticeCodeWares\PracticeCodeWares.csproj", "{D6199416-E199-47C6-94F1-FDFC5F3666FF}"
EndProject
Project("{FAE04EC0-301F-11D3-BF4B-00C04F79EFBC}") = "PracticeCodeWars.test", "PracticeCodeWars.test\PracticeCodeWars.test.csproj", "{82DC4AFB-F7D9-4EE1-B100-3284E860444A}"
EndProject
Global
	GlobalSection(SolutionConfigurationPlatforms) = preSolution
		Debug|Any CPU = Debug|Any CPU
		Release|Any CPU = Release|Any CPU
	EndGlobalSection
	GlobalSection(ProjectConfigurationPlatforms) = postSolution
		{D6199416-E199-47C6-94F1-FDFC5F3666FF}.Debug|Any CPU.ActiveCfg = Debug|Any CPU
		{D6199416-E199-47C6-94F1-FDFC5F3666FF}.Debug|Any CPU.Build.0 = Debug|Any CPU
		{D6199416-E199-47C6-94F1-FDFC5F3666FF}.Release|Any CPU.ActiveCfg = Release|Any CPU
		{D6199416-E199-47C6-94F1-FDFC5F3666FF}.Release|Any CPU.Build.0 = Release|Any CPU
		{82DC4AFB-F7D9-4EE1-B100-3284E860444A}.Debug|Any CPU.ActiveCfg = Debug|Any CPU
		{82DC4AFB-F7D9-4EE1-B100-3284E860444A}.Debug|Any CPU.Build.0 = Debug|Any CPU
		{82DC4AFB-F7D9-4EE1-B100-3284E860444A}.Release|Any CPU.ActiveCfg = Release|Any CPU
		{82DC4AFB-F7D9-4EE1-B100-3284E860444A}.Release|Any CPU.Build.0 = Release|Any CPU
	EndGlobalSection
	GlobalSection(SolutionProperties) = preSolution
		HideSolutionNode = FALSE
	EndGlobalSection
	GlobalSection(ExtensibilityGlobals) = postSolution
		SolutionGuid = {EA839541-4459-49A9-9519-EF718EE72923}
	EndGlobalSection
EndGlobal
